// !$*UTF8*$!
{
	archiveVersion = 1;
	classes = {
	};
	objectVersion = 46;
	objects = {

/* Begin PBXBuildFile section */
		9D19B0711C0E774900A79BF7 /* AppDelegate.swift in Sources */ = {isa = PBXBuildFile; fileRef = 9D19B0701C0E774900A79BF7 /* AppDelegate.swift */; };
		9D19B0761C0E774900A79BF7 /* Main.storyboard in Resources */ = {isa = PBXBuildFile; fileRef = 9D19B0741C0E774900A79BF7 /* Main.storyboard */; };
		9D19B0781C0E774900A79BF7 /* Assets.xcassets in Resources */ = {isa = PBXBuildFile; fileRef = 9D19B0771C0E774900A79BF7 /* Assets.xcassets */; };
		9D19B07B1C0E774900A79BF7 /* LaunchScreen.storyboard in Resources */ = {isa = PBXBuildFile; fileRef = 9D19B0791C0E774900A79BF7 /* LaunchScreen.storyboard */; };
		9D19B0831C0E784D00A79BF7 /* PeopleTableViewController.swift in Sources */ = {isa = PBXBuildFile; fileRef = 9D19B0821C0E784D00A79BF7 /* PeopleTableViewController.swift */; };
		9D19B0851C0E786400A79BF7 /* Person.swift in Sources */ = {isa = PBXBuildFile; fileRef = 9D19B0841C0E786400A79BF7 /* Person.swift */; };
		9D19B0871C0E78FB00A79BF7 /* Database.swift in Sources */ = {isa = PBXBuildFile; fileRef = 9D19B0861C0E78FB00A79BF7 /* Database.swift */; };
		9D19B0891C0E7A7100A79BF7 /* PersonDetailViewController.swift in Sources */ = {isa = PBXBuildFile; fileRef = 9D19B0881C0E7A7100A79BF7 /* PersonDetailViewController.swift */; };
/* End PBXBuildFile section */

/* Begin PBXFileReference section */
		9D19B06D1C0E774900A79BF7 /* People.app */ = {isa = PBXFileReference; explicitFileType = wrapper.application; includeInIndex = 0; path = People.app; sourceTree = BUILT_PRODUCTS_DIR; };
		9D19B0701C0E774900A79BF7 /* AppDelegate.swift */ = {isa = PBXFileReference; lastKnownFileType = sourcecode.swift; path = AppDelegate.swift; sourceTree = "<group>"; };
		9D19B0751C0E774900A79BF7 /* Base */ = {isa = PBXFileReference; lastKnownFileType = file.storyboard; name = Base; path = Base.lproj/Main.storyboard; sourceTree = "<group>"; };
		9D19B0771C0E774900A79BF7 /* Assets.xcassets */ = {isa = PBXFileReference; lastKnownFileType = folder.assetcatalog; path = Assets.xcassets; sourceTree = "<group>"; };
		9D19B07A1C0E774900A79BF7 /* Base */ = {isa = PBXFileReference; lastKnownFileType = file.storyboard; name = Base; path = Base.lproj/LaunchScreen.storyboard; sourceTree = "<group>"; };
		9D19B07C1C0E774900A79BF7 /* Info.plist */ = {isa = PBXFileReference; lastKnownFileType = text.plist.xml; path = Info.plist; sourceTree = "<group>"; };
		9D19B0821C0E784D00A79BF7 /* PeopleTableViewController.swift */ = {isa = PBXFileReference; fileEncoding = 4; lastKnownFileType = sourcecode.swift; path = PeopleTableViewController.swift; sourceTree = "<group>"; };
		9D19B0841C0E786400A79BF7 /* Person.swift */ = {isa = PBXFileReference; fileEncoding = 4; lastKnownFileType = sourcecode.swift; path = Person.swift; sourceTree = "<group>"; };
		9D19B0861C0E78FB00A79BF7 /* Database.swift */ = {isa = PBXFileReference; fileEncoding = 4; lastKnownFileType = sourcecode.swift; path = Database.swift; sourceTree = "<group>"; };
		9D19B0881C0E7A7100A79BF7 /* PersonDetailViewController.swift */ = {isa = PBXFileReference; fileEncoding = 4; lastKnownFileType = sourcecode.swift; path = PersonDetailViewController.swift; sourceTree = "<group>"; };
/* End PBXFileReference section */

/* Begin PBXFrameworksBuildPhase section */
		9D19B06A1C0E774900A79BF7 /* Frameworks */ = {
			isa = PBXFrameworksBuildPhase;
			buildActionMask = 2147483647;
			files = (
			);
			runOnlyForDeploymentPostprocessing = 0;
		};
/* End PBXFrameworksBuildPhase section */

/* Begin PBXGroup section */
		9D19B0641C0E774900A79BF7 = {
			isa = PBXGroup;
			children = (
				9D19B06F1C0E774900A79BF7 /* People */,
				9D19B06E1C0E774900A79BF7 /* Products */,
			);
			sourceTree = "<group>";
		};
		9D19B06E1C0E774900A79BF7 /* Products */ = {
			isa = PBXGroup;
			children = (
				9D19B06D1C0E774900A79BF7 /* People.app */,
			);
			name = Products;
			sourceTree = "<group>";
		};
		9D19B06F1C0E774900A79BF7 /* People */ = {
			isa = PBXGroup;
			children = (
				9D19B0701C0E774900A79BF7 /* AppDelegate.swift */,
				9D19B0821C0E784D00A79BF7 /* PeopleTableViewController.swift */,
				9D19B0881C0E7A7100A79BF7 /* PersonDetailViewController.swift */,
				9D19B0861C0E78FB00A79BF7 /* Database.swift */,
				9D19B0841C0E786400A79BF7 /* Person.swift */,
				9D19B0741C0E774900A79BF7 /* Main.storyboard */,
				9D19B0771C0E774900A79BF7 /* Assets.xcassets */,
				9D19B0791C0E774900A79BF7 /* LaunchScreen.storyboard */,
				9D19B07C1C0E774900A79BF7 /* Info.plist */,
			);
			path = People;
			sourceTree = "<group>";
		};
/* End PBXGroup section */

/* Begin PBXNativeTarget section */
		9D19B06C1C0E774900A79BF7 /* People */ = {
			isa = PBXNativeTarget;
			buildConfigurationList = 9D19B07F1C0E774900A79BF7 /* Build configuration list for PBXNativeTarget "People" */;
			buildPhases = (
				9D19B0691C0E774900A79BF7 /* Sources */,
				9D19B06A1C0E774900A79BF7 /* Frameworks */,
				9D19B06B1C0E774900A79BF7 /* Resources */,
			);
			buildRules = (
			);
			dependencies = (
			);
			name = People;
			productName = People;
			productReference = 9D19B06D1C0E774900A79BF7 /* People.app */;
			productType = "com.apple.product-type.application";
		};
/* End PBXNativeTarget section */

/* Begin PBXProject section */
		9D19B0651C0E774900A79BF7 /* Project object */ = {
			isa = PBXProject;
			attributes = {
				LastSwiftUpdateCheck = 0710;
				LastUpgradeCheck = 0710;
				ORGANIZATIONNAME = "Open Reel Software";
				TargetAttributes = {
					9D19B06C1C0E774900A79BF7 = {
						CreatedOnToolsVersion = 7.1.1;
					};
				};
			};
			buildConfigurationList = 9D19B0681C0E774900A79BF7 /* Build configuration list for PBXProject "People" */;
			compatibilityVersion = "Xcode 3.2";
			developmentRegion = English;
			hasScannedForEncodings = 0;
			knownRegions = (
				en,
				Base,
			);
			mainGroup = 9D19B0641C0E774900A79BF7;
			productRefGroup = 9D19B06E1C0E774900A79BF7 /* Products */;
			projectDirPath = "";
			projectRoot = "";
			targets = (
				9D19B06C1C0E774900A79BF7 /* People */,
			);
		};
/* End PBXProject section */

/* Begin PBXResourcesBuildPhase section */
		9D19B06B1C0E774900A79BF7 /* Resources */ = {
			isa = PBXResourcesBuildPhase;
			buildActionMask = 2147483647;
			files = (
				9D19B07B1C0E774900A79BF7 /* LaunchScreen.storyboard in Resources */,
				9D19B0781C0E774900A79BF7 /* Assets.xcassets in Resources */,
				9D19B0761C0E774900A79BF7 /* Main.storyboard in Resources */,
			);
			runOnlyForDeploymentPostprocessing = 0;
		};
/* End PBXResourcesBuildPhase section */

/* Begin PBXSourcesBuildPhase section */
		9D19B0691C0E774900A79BF7 /* Sources */ = {
			isa = PBXSourcesBuildPhase;
			buildActionMask = 2147483647;
			files = (
				9D19B0851C0E786400A79BF7 /* Person.swift in Sources */,
				9D19B0831C0E784D00A79BF7 /* PeopleTableViewController.swift in Sources */,
				9D19B0871C0E78FB00A79BF7 /* Database.swift in Sources */,
				9D19B0891C0E7A7100A79BF7 /* PersonDetailViewController.swift in Sources */,
				9D19B0711C0E774900A79BF7 /* AppDelegate.swift in Sources */,
			);
			runOnlyForDeploymentPostprocessing = 0;
		};
/* End PBXSourcesBuildPhase section */

/* Begin PBXVariantGroup section */
		9D19B0741C0E774900A79BF7 /* Main.storyboard */ = {
			isa = PBXVariantGroup;
			children = (
				9D19B0751C0E774900A79BF7 /* Base */,
			);
			name = Main.storyboard;
			sourceTree = "<group>";
		};
		9D19B0791C0E774900A79BF7 /* LaunchScreen.storyboard */ = {
			isa = PBXVariantGroup;
			children = (
				9D19B07A1C0E774900A79BF7 /* Base */,
			);
			name = LaunchScreen.storyboard;
			sourceTree = "<group>";
		};
/* End PBXVariantGroup section */

/* Begin XCBuildConfiguration section */
		9D19B07D1C0E774900A79BF7 /* Debug */ = {
			isa = XCBuildConfiguration;
			buildSettings = {
				ALWAYS_SEARCH_USER_PATHS = NO;
				CLANG_CXX_LANGUAGE_STANDARD = "gnu++0x";
				CLANG_CXX_LIBRARY = "libc++";
				CLANG_ENABLE_MODULES = YES;
				CLANG_ENABLE_OBJC_ARC = YES;
				CLANG_WARN_BOOL_CONVERSION = YES;
				CLANG_WARN_CONSTANT_CONVERSION = YES;
				CLANG_WARN_DIRECT_OBJC_ISA_USAGE = YES_ERROR;
				CLANG_WARN_EMPTY_BODY = YES;
				CLANG_WARN_ENUM_CONVERSION = YES;
				CLANG_WARN_INT_CONVERSION = YES;
				CLANG_WARN_OBJC_ROOT_CLASS = YES_ERROR;
				CLANG_WARN_UNREACHABLE_CODE = YES;
				CLANG_WARN__DUPLICATE_METHOD_MATCH = YES;
				"CODE_SIGN_IDENTITY[sdk=iphoneos*]" = "iPhone Developer";
				COPY_PHASE_STRIP = NO;
				DEBUG_INFORMATION_FORMAT = dwarf;
				ENABLE_STRICT_OBJC_MSGSEND = YES;
				ENABLE_TESTABILITY = YES;
				GCC_C_LANGUAGE_STANDARD = gnu99;
				GCC_DYNAMIC_NO_PIC = NO;
				GCC_NO_COMMON_BLOCKS = YES;
				GCC_OPTIMIZATION_LEVEL = 0;
				GCC_PREPROCESSOR_DEFINITIONS = (
					"DEBUG=1",
					"$(inherited)",
				);
				GCC_WARN_64_TO_32_BIT_CONVERSION = YES;
				GCC_WARN_ABOUT_RETURN_TYPE = YES_ERROR;
				GCC_WARN_UNDECLARED_SELECTOR = YES;
				GCC_WARN_UNINITIALIZED_AUTOS = YES_AGGRESSIVE;
				GCC_WARN_UNUSED_FUNCTION = YES;
				GCC_WARN_UNUSED_VARIABLE = YES;
				IPHONEOS_DEPLOYMENT_TARGET = 9.1;
				MTL_ENABLE_DEBUG_INFO = YES;
				ONLY_ACTIVE_ARCH = YES;
				SDKROOT = iphoneos;
				SWIFT_OPTIMIZATION_LEVEL = "-Onone";
			};
			name = Debug;
		};
		9D19B07E1C0E774900A79BF7 /* Release */ = {
			isa = XCBuildConfiguration;
			buildSettings = {
				ALWAYS_SEARCH_USER_PATHS = NO;
				CLANG_CXX_LANGUAGE_STANDARD = "gnu++0x";
				CLANG_CXX_LIBRARY = "libc++";
				CLANG_ENABLE_MODULES = YES;
				CLANG_ENABLE_OBJC_ARC = YES;
				CLANG_WARN_BOOL_CONVERSION = YES;
				CLANG_WARN_CONSTANT_CONVERSION = YES;
				CLANG_WARN_DIRECT_OBJC_ISA_USAGE = YES_ERROR;
				CLANG_WARN_EMPTY_BODY = YES;
				CLANG_WARN_ENUM_CONVERSION = YES;
				CLANG_WARN_INT_CONVERSION = YES;
				CLANG_WARN_OBJC_ROOT_CLASS = YES_ERROR;
				CLANG_WARN_UNREACHABLE_CODE = YES;
				CLANG_WARN__DUPLICATE_METHOD_MATCH = YES;
				"CODE_SIGN_IDENTITY[sdk=iphoneos*]" = "iPhone Developer";
				COPY_PHASE_STRIP = NO;
				DEBUG_INFORMATION_FORMAT = "dwarf-with-dsym";
				ENABLE_NS_ASSERTIONS = NO;
				ENABLE_STRICT_OBJC_MSGSEND = YES;
				GCC_C_LANGUAGE_STANDARD = gnu99;
				GCC_NO_COMMON_BLOCKS = YES;
				GCC_WARN_64_TO_32_BIT_CONVERSION = YES;
				GCC_WARN_ABOUT_RETURN_TYPE = YES_ERROR;
				GCC_WARN_UNDECLARED_SELECTOR = YES;
				GCC_WARN_UNINITIALIZED_AUTOS = YES_AGGRESSIVE;
				GCC_WARN_UNUSED_FUNCTION = YES;
				GCC_WARN_UNUSED_VARIABLE = YES;
				IPHONEOS_DEPLOYMENT_TARGET = 9.1;
				MTL_ENABLE_DEBUG_INFO = NO;
				SDKROOT = iphoneos;
				VALIDATE_PRODUCT = YES;
			};
			name = Release;
		};
		9D19B0801C0E774900A79BF7 /* Debug */ = {
			isa = XCBuildConfiguration;
			buildSettings = {
				ASSETCATALOG_COMPILER_APPICON_NAME = AppIcon;
				INFOPLIST_FILE = People/Info.plist;
				LD_RUNPATH_SEARCH_PATHS = "$(inherited) @executable_path/Frameworks";
				PRODUCT_BUNDLE_IDENTIFIER = com.openreelsoftware.People;
				PRODUCT_NAME = "$(TARGET_NAME)";
			};
			name = Debug;
		};
		9D19B0811C0E774900A79BF7 /* Release */ = {
			isa = XCBuildConfiguration;
			buildSettings = {
				ASSETCATALOG_COMPILER_APPICON_NAME = AppIcon;
				INFOPLIST_FILE = People/Info.plist;
				LD_RUNPATH_SEARCH_PATHS = "$(inherited) @executable_path/Frameworks";
				PRODUCT_BUNDLE_IDENTIFIER = com.openreelsoftware.People;
				PRODUCT_NAME = "$(TARGET_NAME)";
			};
			name = Release;
		};
/* End XCBuildConfiguration section */

/* Begin XCConfigurationList section */
		9D19B0681C0E774900A79BF7 /* Build configuration list for PBXProject "People" */ = {
			isa = XCConfigurationList;
			buildConfigurations = (
				9D19B07D1C0E774900A79BF7 /* Debug */,
				9D19B07E1C0E774900A79BF7 /* Release */,
			);
			defaultConfigurationIsVisible = 0;
			defaultConfigurationName = Release;
		};
		9D19B07F1C0E774900A79BF7 /* Build configuration list for PBXNativeTarget "People" */ = {
			isa = XCConfigurationList;
			buildConfigurations = (
				9D19B0801C0E774900A79BF7 /* Debug */,
				9D19B0811C0E774900A79BF7 /* Release */,
			);
			defaultConfigurationIsVisible = 0;
		};
/* End XCConfigurationList section */
	};
	rootObject = 9D19B0651C0E774900A79BF7 /* Project object */;
}
